// !$*UTF8*$!
{
	archiveVersion = 1;
	classes = {
	};
	objectVersion = 56;
	objects = {

/* Begin PBXBuildFile section */
		FC33C8182C39EB2A00CD0008 /* NumberFormatter+Extensions.swift in Sources */ = {isa = PBXBuildFile; fileRef = FC33C8172C39EB2A00CD0008 /* NumberFormatter+Extensions.swift */; };
		FC35A03F2BF570E600680D70 /* APPushupTrackerApp.swift in Sources */ = {isa = PBXBuildFile; fileRef = FC35A03E2BF570E600680D70 /* APPushupTrackerApp.swift */; };
		FC35A0412BF570E600680D70 /* CountViewController.swift in Sources */ = {isa = PBXBuildFile; fileRef = FC35A0402BF570E600680D70 /* CountViewController.swift */; };
		FC35A0432BF570EA00680D70 /* Assets.xcassets in Resources */ = {isa = PBXBuildFile; fileRef = FC35A0422BF570EA00680D70 /* Assets.xcassets */; };
		FC35A0462BF570EB00680D70 /* Preview Assets.xcassets in Resources */ = {isa = PBXBuildFile; fileRef = FC35A0452BF570EB00680D70 /* Preview Assets.xcassets */; };
		FC770BF92C097DA9002B0EE5 /* ExerciseChartViewViewModel.swift in Sources */ = {isa = PBXBuildFile; fileRef = FC770BF82C097DA9002B0EE5 /* ExerciseChartViewViewModel.swift */; };
		FC7B91222BFAEDF600B5D714 /* MotionManager.swift in Sources */ = {isa = PBXBuildFile; fileRef = FC7B91212BFAEDF600B5D714 /* MotionManager.swift */; };
		FC7B91262BFBDDFF00B5D714 /* TrackerTabBar.swift in Sources */ = {isa = PBXBuildFile; fileRef = FC7B91252BFBDDFF00B5D714 /* TrackerTabBar.swift */; };
		FC7B91282BFBEA2600B5D714 /* ExerciseChartView.swift in Sources */ = {isa = PBXBuildFile; fileRef = FC7B91272BFBEA2600B5D714 /* ExerciseChartView.swift */; };
		FC91DF3C2C3B611B00FBB2B7 /* DataStore.swift in Sources */ = {isa = PBXBuildFile; fileRef = FC91DF3B2C3B611B00FBB2B7 /* DataStore.swift */; };
		FC9414952BF8237100692A1F /* ResizingButton.swift in Sources */ = {isa = PBXBuildFile; fileRef = FC9414942BF8237100692A1F /* ResizingButton.swift */; };
		FCCE86502C6AAFAB00C7AAB6 /* ExerciseChartViewViewModelMock.swift in Sources */ = {isa = PBXBuildFile; fileRef = FCCE864F2C6AAFAB00C7AAB6 /* ExerciseChartViewViewModelMock.swift */; };
		FCD9B4DD2C27A09000D616A4 /* ExerciseChartViewViewModelTests.swift in Sources */ = {isa = PBXBuildFile; fileRef = FCD9B4DC2C27A09000D616A4 /* ExerciseChartViewViewModelTests.swift */; };
		FCDFA4102C55BD8C00C5A425 /* ExerciseSelectionViewController.swift in Sources */ = {isa = PBXBuildFile; fileRef = FCDFA40F2C55BD8C00C5A425 /* ExerciseSelectionViewController.swift */; };
		FCDFA4142C59C25D00C5A425 /* Detector.swift in Sources */ = {isa = PBXBuildFile; fileRef = FCDFA4132C59C25D00C5A425 /* Detector.swift */; };
		FCE67EEA2C5C9CB500C69875 /* Exercise.swift in Sources */ = {isa = PBXBuildFile; fileRef = FCE67EE92C5C9CB500C69875 /* Exercise.swift */; };
		FCE67EEC2C5CA0B400C69875 /* Pushup.swift in Sources */ = {isa = PBXBuildFile; fileRef = FCE67EEB2C5CA0B400C69875 /* Pushup.swift */; };
		FCE67EEE2C5D300400C69875 /* Squat.swift in Sources */ = {isa = PBXBuildFile; fileRef = FCE67EED2C5D300400C69875 /* Squat.swift */; };
/* End PBXBuildFile section */

/* Begin PBXContainerItemProxy section */
		FCD9B4D72C27A07F00D616A4 /* PBXContainerItemProxy */ = {
			isa = PBXContainerItemProxy;
			containerPortal = FC35A0332BF570E600680D70 /* Project object */;
			proxyType = 1;
			remoteGlobalIDString = FC35A03A2BF570E600680D70;
			remoteInfo = APPushupTracker;
		};
/* End PBXContainerItemProxy section */

/* Begin PBXFileReference section */
		FC33C8172C39EB2A00CD0008 /* NumberFormatter+Extensions.swift */ = {isa = PBXFileReference; lastKnownFileType = sourcecode.swift; path = "NumberFormatter+Extensions.swift"; sourceTree = "<group>"; };
		FC35A03B2BF570E600680D70 /* APPushupTracker.app */ = {isa = PBXFileReference; explicitFileType = wrapper.application; includeInIndex = 0; path = APPushupTracker.app; sourceTree = BUILT_PRODUCTS_DIR; };
		FC35A03E2BF570E600680D70 /* APPushupTrackerApp.swift */ = {isa = PBXFileReference; lastKnownFileType = sourcecode.swift; path = APPushupTrackerApp.swift; sourceTree = "<group>"; };
		FC35A0402BF570E600680D70 /* CountViewController.swift */ = {isa = PBXFileReference; lastKnownFileType = sourcecode.swift; path = CountViewController.swift; sourceTree = "<group>"; };
		FC35A0422BF570EA00680D70 /* Assets.xcassets */ = {isa = PBXFileReference; lastKnownFileType = folder.assetcatalog; path = Assets.xcassets; sourceTree = "<group>"; };
		FC35A0452BF570EB00680D70 /* Preview Assets.xcassets */ = {isa = PBXFileReference; lastKnownFileType = folder.assetcatalog; path = "Preview Assets.xcassets"; sourceTree = "<group>"; };
		FC770BF72C07C092002B0EE5 /* Info.plist */ = {isa = PBXFileReference; lastKnownFileType = text.plist; path = Info.plist; sourceTree = "<group>"; };
		FC770BF82C097DA9002B0EE5 /* ExerciseChartViewViewModel.swift */ = {isa = PBXFileReference; lastKnownFileType = sourcecode.swift; path = ExerciseChartViewViewModel.swift; sourceTree = "<group>"; };
		FC7B91212BFAEDF600B5D714 /* MotionManager.swift */ = {isa = PBXFileReference; lastKnownFileType = sourcecode.swift; path = MotionManager.swift; sourceTree = "<group>"; };
		FC7B91252BFBDDFF00B5D714 /* TrackerTabBar.swift */ = {isa = PBXFileReference; lastKnownFileType = sourcecode.swift; path = TrackerTabBar.swift; sourceTree = "<group>"; };
		FC7B91272BFBEA2600B5D714 /* ExerciseChartView.swift */ = {isa = PBXFileReference; lastKnownFileType = sourcecode.swift; path = ExerciseChartView.swift; sourceTree = "<group>"; };
		FC91DF3B2C3B611B00FBB2B7 /* DataStore.swift */ = {isa = PBXFileReference; lastKnownFileType = sourcecode.swift; path = DataStore.swift; sourceTree = "<group>"; };
		FC9414942BF8237100692A1F /* ResizingButton.swift */ = {isa = PBXFileReference; lastKnownFileType = sourcecode.swift; path = ResizingButton.swift; sourceTree = "<group>"; };
		FCCE864F2C6AAFAB00C7AAB6 /* ExerciseChartViewViewModelMock.swift */ = {isa = PBXFileReference; lastKnownFileType = sourcecode.swift; path = ExerciseChartViewViewModelMock.swift; sourceTree = "<group>"; };
		FCD9B4D32C27A07F00D616A4 /* APPushupTrackerTests.xctest */ = {isa = PBXFileReference; explicitFileType = wrapper.cfbundle; includeInIndex = 0; path = APPushupTrackerTests.xctest; sourceTree = BUILT_PRODUCTS_DIR; };
		FCD9B4DC2C27A09000D616A4 /* ExerciseChartViewViewModelTests.swift */ = {isa = PBXFileReference; lastKnownFileType = sourcecode.swift; path = ExerciseChartViewViewModelTests.swift; sourceTree = "<group>"; };
		FCDFA40F2C55BD8C00C5A425 /* ExerciseSelectionViewController.swift */ = {isa = PBXFileReference; lastKnownFileType = sourcecode.swift; path = ExerciseSelectionViewController.swift; sourceTree = "<group>"; };
		FCDFA4132C59C25D00C5A425 /* Detector.swift */ = {isa = PBXFileReference; lastKnownFileType = sourcecode.swift; path = Detector.swift; sourceTree = "<group>"; };
		FCE67EE92C5C9CB500C69875 /* Exercise.swift */ = {isa = PBXFileReference; lastKnownFileType = sourcecode.swift; path = Exercise.swift; sourceTree = "<group>"; };
		FCE67EEB2C5CA0B400C69875 /* Pushup.swift */ = {isa = PBXFileReference; lastKnownFileType = sourcecode.swift; path = Pushup.swift; sourceTree = "<group>"; };
		FCE67EED2C5D300400C69875 /* Squat.swift */ = {isa = PBXFileReference; lastKnownFileType = sourcecode.swift; path = Squat.swift; sourceTree = "<group>"; };
/* End PBXFileReference section */

/* Begin PBXFrameworksBuildPhase section */
		FC35A0382BF570E600680D70 /* Frameworks */ = {
			isa = PBXFrameworksBuildPhase;
			buildActionMask = 2147483647;
			files = (
			);
			runOnlyForDeploymentPostprocessing = 0;
		};
		FCD9B4D02C27A07F00D616A4 /* Frameworks */ = {
			isa = PBXFrameworksBuildPhase;
			buildActionMask = 2147483647;
			files = (
			);
			runOnlyForDeploymentPostprocessing = 0;
		};
/* End PBXFrameworksBuildPhase section */

/* Begin PBXGroup section */
		FC35A0322BF570E600680D70 = {
			isa = PBXGroup;
			children = (
				FC35A03D2BF570E600680D70 /* APPushupTracker */,
				FCD9B4D42C27A07F00D616A4 /* APPushupTrackerTests */,
				FC35A03C2BF570E600680D70 /* Products */,
			);
			sourceTree = "<group>";
		};
		FC35A03C2BF570E600680D70 /* Products */ = {
			isa = PBXGroup;
			children = (
				FC35A03B2BF570E600680D70 /* APPushupTracker.app */,
				FCD9B4D32C27A07F00D616A4 /* APPushupTrackerTests.xctest */,
			);
			name = Products;
			sourceTree = "<group>";
		};
		FC35A03D2BF570E600680D70 /* APPushupTracker */ = {
			isa = PBXGroup;
			children = (
				FC770BF72C07C092002B0EE5 /* Info.plist */,
				FC35A03E2BF570E600680D70 /* APPushupTrackerApp.swift */,
				FCE67EF02C5D32FF00C69875 /* Views */,
				FCE67EEF2C5D329C00C69875 /* Models */,
				FC91DF3D2C41880E00FBB2B7 /* Utilities */,
				FC35A0422BF570EA00680D70 /* Assets.xcassets */,
				FC35A0442BF570EB00680D70 /* Preview Content */,
			);
			path = APPushupTracker;
			sourceTree = "<group>";
		};
		FC35A0442BF570EB00680D70 /* Preview Content */ = {
			isa = PBXGroup;
			children = (
				FC35A0452BF570EB00680D70 /* Preview Assets.xcassets */,
			);
			path = "Preview Content";
			sourceTree = "<group>";
		};
		FC91DF3D2C41880E00FBB2B7 /* Utilities */ = {
			isa = PBXGroup;
			children = (
				FC91DF3B2C3B611B00FBB2B7 /* DataStore.swift */,
				FC7B91212BFAEDF600B5D714 /* MotionManager.swift */,
				FCDFA4132C59C25D00C5A425 /* Detector.swift */,
				FC33C8172C39EB2A00CD0008 /* NumberFormatter+Extensions.swift */,
			);
			path = Utilities;
			sourceTree = "<group>";
		};
		FCD9B4D42C27A07F00D616A4 /* APPushupTrackerTests */ = {
			isa = PBXGroup;
			children = (
				FCCE864F2C6AAFAB00C7AAB6 /* ExerciseChartViewViewModelMock.swift */,
				FCD9B4DC2C27A09000D616A4 /* ExerciseChartViewViewModelTests.swift */,
			);
			path = APPushupTrackerTests;
			sourceTree = "<group>";
		};
		FCE67EEF2C5D329C00C69875 /* Models */ = {
			isa = PBXGroup;
			children = (
				FCE67EE92C5C9CB500C69875 /* Exercise.swift */,
				FCE67EEB2C5CA0B400C69875 /* Pushup.swift */,
				FCE67EED2C5D300400C69875 /* Squat.swift */,
			);
			path = Models;
			sourceTree = "<group>";
		};
		FCE67EF02C5D32FF00C69875 /* Views */ = {
			isa = PBXGroup;
			children = (
				FC35A0402BF570E600680D70 /* CountViewController.swift */,
				FC7B91272BFBEA2600B5D714 /* ExerciseChartView.swift */,
				FCDFA40F2C55BD8C00C5A425 /* ExerciseSelectionViewController.swift */,
				FC9414942BF8237100692A1F /* ResizingButton.swift */,
				FC770BF82C097DA9002B0EE5 /* ExerciseChartViewViewModel.swift */,
				FC7B91252BFBDDFF00B5D714 /* TrackerTabBar.swift */,
			);
			path = Views;
			sourceTree = "<group>";
		};
/* End PBXGroup section */

/* Begin PBXNativeTarget section */
		FC35A03A2BF570E600680D70 /* APPushupTracker */ = {
			isa = PBXNativeTarget;
			buildConfigurationList = FC35A0492BF570EB00680D70 /* Build configuration list for PBXNativeTarget "APPushupTracker" */;
			buildPhases = (
				FC35A0372BF570E600680D70 /* Sources */,
				FC35A0382BF570E600680D70 /* Frameworks */,
				FC35A0392BF570E600680D70 /* Resources */,
			);
			buildRules = (
			);
			dependencies = (
			);
			name = APPushupTracker;
			productName = APPushupTracker;
			productReference = FC35A03B2BF570E600680D70 /* APPushupTracker.app */;
			productType = "com.apple.product-type.application";
		};
		FCD9B4D22C27A07F00D616A4 /* APPushupTrackerTests */ = {
			isa = PBXNativeTarget;
			buildConfigurationList = FCD9B4D92C27A07F00D616A4 /* Build configuration list for PBXNativeTarget "APPushupTrackerTests" */;
			buildPhases = (
				FCD9B4CF2C27A07F00D616A4 /* Sources */,
				FCD9B4D02C27A07F00D616A4 /* Frameworks */,
				FCD9B4D12C27A07F00D616A4 /* Resources */,
			);
			buildRules = (
			);
			dependencies = (
				FCD9B4D82C27A07F00D616A4 /* PBXTargetDependency */,
			);
			name = APPushupTrackerTests;
			productName = APPushupTrackerTests;
			productReference = FCD9B4D32C27A07F00D616A4 /* APPushupTrackerTests.xctest */;
			productType = "com.apple.product-type.bundle.unit-test";
		};
/* End PBXNativeTarget section */

/* Begin PBXProject section */
		FC35A0332BF570E600680D70 /* Project object */ = {
			isa = PBXProject;
			attributes = {
				BuildIndependentTargetsInParallel = 1;
				LastSwiftUpdateCheck = 1540;
				LastUpgradeCheck = 1530;
				TargetAttributes = {
					FC35A03A2BF570E600680D70 = {
						CreatedOnToolsVersion = 15.3;
					};
					FCD9B4D22C27A07F00D616A4 = {
						CreatedOnToolsVersion = 15.4;
						TestTargetID = FC35A03A2BF570E600680D70;
					};
				};
			};
			buildConfigurationList = FC35A0362BF570E600680D70 /* Build configuration list for PBXProject "APPushupTracker" */;
			compatibilityVersion = "Xcode 14.0";
			developmentRegion = en;
			hasScannedForEncodings = 0;
			knownRegions = (
				en,
				Base,
			);
			mainGroup = FC35A0322BF570E600680D70;
			productRefGroup = FC35A03C2BF570E600680D70 /* Products */;
			projectDirPath = "";
			projectRoot = "";
			targets = (
				FC35A03A2BF570E600680D70 /* APPushupTracker */,
				FCD9B4D22C27A07F00D616A4 /* APPushupTrackerTests */,
			);
		};
/* End PBXProject section */

/* Begin PBXResourcesBuildPhase section */
		FC35A0392BF570E600680D70 /* Resources */ = {
			isa = PBXResourcesBuildPhase;
			buildActionMask = 2147483647;
			files = (
				FC35A0462BF570EB00680D70 /* Preview Assets.xcassets in Resources */,
				FC35A0432BF570EA00680D70 /* Assets.xcassets in Resources */,
			);
			runOnlyForDeploymentPostprocessing = 0;
		};
		FCD9B4D12C27A07F00D616A4 /* Resources */ = {
			isa = PBXResourcesBuildPhase;
			buildActionMask = 2147483647;
			files = (
			);
			runOnlyForDeploymentPostprocessing = 0;
		};
/* End PBXResourcesBuildPhase section */

/* Begin PBXSourcesBuildPhase section */
		FC35A0372BF570E600680D70 /* Sources */ = {
			isa = PBXSourcesBuildPhase;
			buildActionMask = 2147483647;
			files = (
				FC35A0412BF570E600680D70 /* CountViewController.swift in Sources */,
				FC35A03F2BF570E600680D70 /* APPushupTrackerApp.swift in Sources */,
				FCDFA4102C55BD8C00C5A425 /* ExerciseSelectionViewController.swift in Sources */,
				FCE67EEE2C5D300400C69875 /* Squat.swift in Sources */,
				FC91DF3C2C3B611B00FBB2B7 /* DataStore.swift in Sources */,
				FCE67EEA2C5C9CB500C69875 /* Exercise.swift in Sources */,
				FC770BF92C097DA9002B0EE5 /* ExerciseChartViewViewModel.swift in Sources */,
				FCE67EEC2C5CA0B400C69875 /* Pushup.swift in Sources */,
				FC7B91282BFBEA2600B5D714 /* ExerciseChartView.swift in Sources */,
				FC9414952BF8237100692A1F /* ResizingButton.swift in Sources */,
				FC33C8182C39EB2A00CD0008 /* NumberFormatter+Extensions.swift in Sources */,
				FC7B91262BFBDDFF00B5D714 /* TrackerTabBar.swift in Sources */,
				FC7B91222BFAEDF600B5D714 /* MotionManager.swift in Sources */,
				FCDFA4142C59C25D00C5A425 /* Detector.swift in Sources */,
			);
			runOnlyForDeploymentPostprocessing = 0;
		};
		FCD9B4CF2C27A07F00D616A4 /* Sources */ = {
			isa = PBXSourcesBuildPhase;
			buildActionMask = 2147483647;
			files = (
				FCCE86502C6AAFAB00C7AAB6 /* ExerciseChartViewViewModelMock.swift in Sources */,
				FCD9B4DD2C27A09000D616A4 /* ExerciseChartViewViewModelTests.swift in Sources */,
			);
			runOnlyForDeploymentPostprocessing = 0;
		};
/* End PBXSourcesBuildPhase section */

/* Begin PBXTargetDependency section */
		FCD9B4D82C27A07F00D616A4 /* PBXTargetDependency */ = {
			isa = PBXTargetDependency;
			target = FC35A03A2BF570E600680D70 /* APPushupTracker */;
			targetProxy = FCD9B4D72C27A07F00D616A4 /* PBXContainerItemProxy */;
		};
/* End PBXTargetDependency section */

/* Begin XCBuildConfiguration section */
		FC35A0472BF570EB00680D70 /* Debug */ = {
			isa = XCBuildConfiguration;
			buildSettings = {
				ALWAYS_SEARCH_USER_PATHS = NO;
				ASSETCATALOG_COMPILER_GENERATE_SWIFT_ASSET_SYMBOL_EXTENSIONS = YES;
				CLANG_ANALYZER_NONNULL = YES;
				CLANG_ANALYZER_NUMBER_OBJECT_CONVERSION = YES_AGGRESSIVE;
				CLANG_CXX_LANGUAGE_STANDARD = "gnu++20";
				CLANG_ENABLE_MODULES = YES;
				CLANG_ENABLE_OBJC_ARC = YES;
				CLANG_ENABLE_OBJC_WEAK = YES;
				CLANG_WARN_BLOCK_CAPTURE_AUTORELEASING = YES;
				CLANG_WARN_BOOL_CONVERSION = YES;
				CLANG_WARN_COMMA = YES;
				CLANG_WARN_CONSTANT_CONVERSION = YES;
				CLANG_WARN_DEPRECATED_OBJC_IMPLEMENTATIONS = YES;
				CLANG_WARN_DIRECT_OBJC_ISA_USAGE = YES_ERROR;
				CLANG_WARN_DOCUMENTATION_COMMENTS = YES;
				CLANG_WARN_EMPTY_BODY = YES;
				CLANG_WARN_ENUM_CONVERSION = YES;
				CLANG_WARN_INFINITE_RECURSION = YES;
				CLANG_WARN_INT_CONVERSION = YES;
				CLANG_WARN_NON_LITERAL_NULL_CONVERSION = YES;
				CLANG_WARN_OBJC_IMPLICIT_RETAIN_SELF = YES;
				CLANG_WARN_OBJC_LITERAL_CONVERSION = YES;
				CLANG_WARN_OBJC_ROOT_CLASS = YES_ERROR;
				CLANG_WARN_QUOTED_INCLUDE_IN_FRAMEWORK_HEADER = YES;
				CLANG_WARN_RANGE_LOOP_ANALYSIS = YES;
				CLANG_WARN_STRICT_PROTOTYPES = YES;
				CLANG_WARN_SUSPICIOUS_MOVE = YES;
				CLANG_WARN_UNGUARDED_AVAILABILITY = YES_AGGRESSIVE;
				CLANG_WARN_UNREACHABLE_CODE = YES;
				CLANG_WARN__DUPLICATE_METHOD_MATCH = YES;
				COPY_PHASE_STRIP = NO;
				DEBUG_INFORMATION_FORMAT = dwarf;
				ENABLE_STRICT_OBJC_MSGSEND = YES;
				ENABLE_TESTABILITY = YES;
				ENABLE_USER_SCRIPT_SANDBOXING = YES;
				GCC_C_LANGUAGE_STANDARD = gnu17;
				GCC_DYNAMIC_NO_PIC = NO;
				GCC_NO_COMMON_BLOCKS = YES;
				GCC_OPTIMIZATION_LEVEL = 0;
				GCC_PREPROCESSOR_DEFINITIONS = (
					"DEBUG=1",
					"$(inherited)",
				);
				GCC_WARN_64_TO_32_BIT_CONVERSION = YES;
				GCC_WARN_ABOUT_RETURN_TYPE = YES_ERROR;
				GCC_WARN_UNDECLARED_SELECTOR = YES;
				GCC_WARN_UNINITIALIZED_AUTOS = YES_AGGRESSIVE;
				GCC_WARN_UNUSED_FUNCTION = YES;
				GCC_WARN_UNUSED_VARIABLE = YES;
				IPHONEOS_DEPLOYMENT_TARGET = 17.4;
				LOCALIZATION_PREFERS_STRING_CATALOGS = YES;
				MTL_ENABLE_DEBUG_INFO = INCLUDE_SOURCE;
				MTL_FAST_MATH = YES;
				ONLY_ACTIVE_ARCH = YES;
				SDKROOT = iphoneos;
				SWIFT_ACTIVE_COMPILATION_CONDITIONS = "DEBUG $(inherited)";
				SWIFT_OPTIMIZATION_LEVEL = "-Onone";
			};
			name = Debug;
		};
		FC35A0482BF570EB00680D70 /* Release */ = {
			isa = XCBuildConfiguration;
			buildSettings = {
				ALWAYS_SEARCH_USER_PATHS = NO;
				ASSETCATALOG_COMPILER_GENERATE_SWIFT_ASSET_SYMBOL_EXTENSIONS = YES;
				CLANG_ANALYZER_NONNULL = YES;
				CLANG_ANALYZER_NUMBER_OBJECT_CONVERSION = YES_AGGRESSIVE;
				CLANG_CXX_LANGUAGE_STANDARD = "gnu++20";
				CLANG_ENABLE_MODULES = YES;
				CLANG_ENABLE_OBJC_ARC = YES;
				CLANG_ENABLE_OBJC_WEAK = YES;
				CLANG_WARN_BLOCK_CAPTURE_AUTORELEASING = YES;
				CLANG_WARN_BOOL_CONVERSION = YES;
				CLANG_WARN_COMMA = YES;
				CLANG_WARN_CONSTANT_CONVERSION = YES;
				CLANG_WARN_DEPRECATED_OBJC_IMPLEMENTATIONS = YES;
				CLANG_WARN_DIRECT_OBJC_ISA_USAGE = YES_ERROR;
				CLANG_WARN_DOCUMENTATION_COMMENTS = YES;
				CLANG_WARN_EMPTY_BODY = YES;
				CLANG_WARN_ENUM_CONVERSION = YES;
				CLANG_WARN_INFINITE_RECURSION = YES;
				CLANG_WARN_INT_CONVERSION = YES;
				CLANG_WARN_NON_LITERAL_NULL_CONVERSION = YES;
				CLANG_WARN_OBJC_IMPLICIT_RETAIN_SELF = YES;
				CLANG_WARN_OBJC_LITERAL_CONVERSION = YES;
				CLANG_WARN_OBJC_ROOT_CLASS = YES_ERROR;
				CLANG_WARN_QUOTED_INCLUDE_IN_FRAMEWORK_HEADER = YES;
				CLANG_WARN_RANGE_LOOP_ANALYSIS = YES;
				CLANG_WARN_STRICT_PROTOTYPES = YES;
				CLANG_WARN_SUSPICIOUS_MOVE = YES;
				CLANG_WARN_UNGUARDED_AVAILABILITY = YES_AGGRESSIVE;
				CLANG_WARN_UNREACHABLE_CODE = YES;
				CLANG_WARN__DUPLICATE_METHOD_MATCH = YES;
				COPY_PHASE_STRIP = NO;
				DEBUG_INFORMATION_FORMAT = "dwarf-with-dsym";
				ENABLE_NS_ASSERTIONS = NO;
				ENABLE_STRICT_OBJC_MSGSEND = YES;
				ENABLE_USER_SCRIPT_SANDBOXING = YES;
				GCC_C_LANGUAGE_STANDARD = gnu17;
				GCC_NO_COMMON_BLOCKS = YES;
				GCC_WARN_64_TO_32_BIT_CONVERSION = YES;
				GCC_WARN_ABOUT_RETURN_TYPE = YES_ERROR;
				GCC_WARN_UNDECLARED_SELECTOR = YES;
				GCC_WARN_UNINITIALIZED_AUTOS = YES_AGGRESSIVE;
				GCC_WARN_UNUSED_FUNCTION = YES;
				GCC_WARN_UNUSED_VARIABLE = YES;
				IPHONEOS_DEPLOYMENT_TARGET = 17.4;
				LOCALIZATION_PREFERS_STRING_CATALOGS = YES;
				MTL_ENABLE_DEBUG_INFO = NO;
				MTL_FAST_MATH = YES;
				SDKROOT = iphoneos;
				SWIFT_COMPILATION_MODE = wholemodule;
				VALIDATE_PRODUCT = YES;
			};
			name = Release;
		};
		FC35A04A2BF570EB00680D70 /* Debug */ = {
			isa = XCBuildConfiguration;
			buildSettings = {
				ASSETCATALOG_COMPILER_APPICON_NAME = AppIcon;
				ASSETCATALOG_COMPILER_GLOBAL_ACCENT_COLOR_NAME = AccentColor;
				CODE_SIGN_STYLE = Automatic;
				CURRENT_PROJECT_VERSION = 1;
				DEVELOPMENT_ASSET_PATHS = "\"APPushupTracker/Preview Content\"";
				DEVELOPMENT_TEAM = 35FN5AB6A3;
				ENABLE_PREVIEWS = YES;
				GENERATE_INFOPLIST_FILE = YES;
				INFOPLIST_FILE = APPushupTracker/Info.plist;
				INFOPLIST_KEY_NSMotionUsageDescription = "\"This app uses motion data to track exercises\"";
				INFOPLIST_KEY_UIApplicationSceneManifest_Generation = YES;
				INFOPLIST_KEY_UIApplicationSupportsIndirectInputEvents = YES;
				INFOPLIST_KEY_UILaunchScreen_Generation = YES;
				INFOPLIST_KEY_UISupportedInterfaceOrientations_iPad = "UIInterfaceOrientationPortrait UIInterfaceOrientationPortraitUpsideDown UIInterfaceOrientationLandscapeLeft UIInterfaceOrientationLandscapeRight";
				INFOPLIST_KEY_UISupportedInterfaceOrientations_iPhone = "UIInterfaceOrientationPortrait UIInterfaceOrientationLandscapeLeft UIInterfaceOrientationLandscapeRight";
				LD_RUNPATH_SEARCH_PATHS = (
					"$(inherited)",
					"@executable_path/Frameworks",
				);
				MARKETING_VERSION = 1.0;
				PRODUCT_BUNDLE_IDENTIFIER = com.emilykcorso.APPushupTracker;
				PRODUCT_NAME = "$(TARGET_NAME)";
				SWIFT_EMIT_LOC_STRINGS = YES;
				SWIFT_VERSION = 5.0;
				TARGETED_DEVICE_FAMILY = "1,2";
			};
			name = Debug;
		};
		FC35A04B2BF570EB00680D70 /* Release */ = {
			isa = XCBuildConfiguration;
			buildSettings = {
				ASSETCATALOG_COMPILER_APPICON_NAME = AppIcon;
				ASSETCATALOG_COMPILER_GLOBAL_ACCENT_COLOR_NAME = AccentColor;
				CODE_SIGN_STYLE = Automatic;
				CURRENT_PROJECT_VERSION = 1;
				DEVELOPMENT_ASSET_PATHS = "\"APPushupTracker/Preview Content\"";
				DEVELOPMENT_TEAM = 35FN5AB6A3;
				ENABLE_PREVIEWS = YES;
				GENERATE_INFOPLIST_FILE = YES;
				INFOPLIST_FILE = APPushupTracker/Info.plist;
				INFOPLIST_KEY_NSMotionUsageDescription = "\"This app uses motion data to track exercises\"";
				INFOPLIST_KEY_UIApplicationSceneManifest_Generation = YES;
				INFOPLIST_KEY_UIApplicationSupportsIndirectInputEvents = YES;
				INFOPLIST_KEY_UILaunchScreen_Generation = YES;
				INFOPLIST_KEY_UISupportedInterfaceOrientations_iPad = "UIInterfaceOrientationPortrait UIInterfaceOrientationPortraitUpsideDown UIInterfaceOrientationLandscapeLeft UIInterfaceOrientationLandscapeRight";
				INFOPLIST_KEY_UISupportedInterfaceOrientations_iPhone = "UIInterfaceOrientationPortrait UIInterfaceOrientationLandscapeLeft UIInterfaceOrientationLandscapeRight";
				LD_RUNPATH_SEARCH_PATHS = (
					"$(inherited)",
					"@executable_path/Frameworks",
				);
				MARKETING_VERSION = 1.0;
				PRODUCT_BUNDLE_IDENTIFIER = com.emilykcorso.APPushupTracker;
				PRODUCT_NAME = "$(TARGET_NAME)";
				SWIFT_EMIT_LOC_STRINGS = YES;
				SWIFT_VERSION = 5.0;
				TARGETED_DEVICE_FAMILY = "1,2";
			};
			name = Release;
		};
		FCD9B4DA2C27A07F00D616A4 /* Debug */ = {
			isa = XCBuildConfiguration;
			buildSettings = {
				BUNDLE_LOADER = "$(TEST_HOST)";
				CODE_SIGN_STYLE = Automatic;
				CURRENT_PROJECT_VERSION = 1;
				DEVELOPMENT_TEAM = 35FN5AB6A3;
				GENERATE_INFOPLIST_FILE = YES;
				IPHONEOS_DEPLOYMENT_TARGET = 17.5;
				MARKETING_VERSION = 1.0;
				PRODUCT_BUNDLE_IDENTIFIER = com.emilykcorso.APPushupTrackerTests;
				PRODUCT_NAME = "$(TARGET_NAME)";
				SWIFT_EMIT_LOC_STRINGS = NO;
				SWIFT_VERSION = 5.0;
				TARGETED_DEVICE_FAMILY = "1,2";
				TEST_HOST = "$(BUILT_PRODUCTS_DIR)/APPushupTracker.app/$(BUNDLE_EXECUTABLE_FOLDER_PATH)/APPushupTracker";
			};
			name = Debug;
		};
		FCD9B4DB2C27A07F00D616A4 /* Release */ = {
			isa = XCBuildConfiguration;
			buildSettings = {
				BUNDLE_LOADER = "$(TEST_HOST)";
				CODE_SIGN_STYLE = Automatic;
				CURRENT_PROJECT_VERSION = 1;
				DEVELOPMENT_TEAM = 35FN5AB6A3;
				GENERATE_INFOPLIST_FILE = YES;
				IPHONEOS_DEPLOYMENT_TARGET = 17.5;
				MARKETING_VERSION = 1.0;
				PRODUCT_BUNDLE_IDENTIFIER = com.emilykcorso.APPushupTrackerTests;
				PRODUCT_NAME = "$(TARGET_NAME)";
				SWIFT_EMIT_LOC_STRINGS = NO;
				SWIFT_VERSION = 5.0;
				TARGETED_DEVICE_FAMILY = "1,2";
				TEST_HOST = "$(BUILT_PRODUCTS_DIR)/APPushupTracker.app/$(BUNDLE_EXECUTABLE_FOLDER_PATH)/APPushupTracker";
			};
			name = Release;
		};
/* End XCBuildConfiguration section */

/* Begin XCConfigurationList section */
		FC35A0362BF570E600680D70 /* Build configuration list for PBXProject "APPushupTracker" */ = {
			isa = XCConfigurationList;
			buildConfigurations = (
				FC35A0472BF570EB00680D70 /* Debug */,
				FC35A0482BF570EB00680D70 /* Release */,
			);
			defaultConfigurationIsVisible = 0;
			defaultConfigurationName = Release;
		};
		FC35A0492BF570EB00680D70 /* Build configuration list for PBXNativeTarget "APPushupTracker" */ = {
			isa = XCConfigurationList;
			buildConfigurations = (
				FC35A04A2BF570EB00680D70 /* Debug */,
				FC35A04B2BF570EB00680D70 /* Release */,
			);
			defaultConfigurationIsVisible = 0;
			defaultConfigurationName = Release;
		};
		FCD9B4D92C27A07F00D616A4 /* Build configuration list for PBXNativeTarget "APPushupTrackerTests" */ = {
			isa = XCConfigurationList;
			buildConfigurations = (
				FCD9B4DA2C27A07F00D616A4 /* Debug */,
				FCD9B4DB2C27A07F00D616A4 /* Release */,
			);
			defaultConfigurationIsVisible = 0;
			defaultConfigurationName = Release;
		};
/* End XCConfigurationList section */
	};
	rootObject = FC35A0332BF570E600680D70 /* Project object */;
}
